
Microsoft Visual Studio Solution File, Format Version 12.00
# Visual Studio 2013
VisualStudioVersion = 12.0.40629.0
MinimumVisualStudioVersion = 10.0.40219.1
Project("{8BC9CEB8-8B4A-11D0-8D11-00A0C91BC942}") = "TransformArray", "TransformArray\TransformArray.vcxproj", "{ADD5DD90-B53A-43A5-99D2-E2DAF926F3EF}"
EndProject
Project("{8BC9CEB8-8B4A-11D0-8D11-00A0C91BC942}") = "ApplicationTests", "ApplicationTests\ApplicationTests.vcxproj", "{0054B252-4619-4943-9C56-B161E70D6BAB}"
EndProject
Project("{8BC9CEB8-8B4A-11D0-8D11-00A0C91BC942}") = "HTMLEncode", "HTMLEncode\HTMLEncode.vcxproj", "{453ED194-DE5D-4521-A62B-282B68362C20}"
EndProject
Project("{8BC9CEB8-8B4A-11D0-8D11-00A0C91BC942}") = "Dictionary", "Dictionary\Dictionary.vcxproj", "{9264B159-39BE-4C46-B0E0-837E5B8F1B2F}"
EndProject
Project("{8BC9CEB8-8B4A-11D0-8D11-00A0C91BC942}") = "ExpandTemplate", "ExpandTemplate\ExpandTemplate.vcxproj", "{E6763409-B73E-4867-A76D-F8A8777C62BF}"
EndProject
Project("{8BC9CEB8-8B4A-11D0-8D11-00A0C91BC942}") = "ExpandTemplateTests", "ExpandTemplateTests\ExpandTemplateTests.vcxproj", "{BC6E28FD-ACA5-40FE-8D82-78CAE9FB05DE}"
EndProject
Global
	GlobalSection(SolutionConfigurationPlatforms) = preSolution
		Debug|Win32 = Debug|Win32
		Release|Win32 = Release|Win32
	EndGlobalSection
	GlobalSection(ProjectConfigurationPlatforms) = postSolution
		{ADD5DD90-B53A-43A5-99D2-E2DAF926F3EF}.Debug|Win32.ActiveCfg = Debug|Win32
		{ADD5DD90-B53A-43A5-99D2-E2DAF926F3EF}.Debug|Win32.Build.0 = Debug|Win32
		{ADD5DD90-B53A-43A5-99D2-E2DAF926F3EF}.Release|Win32.ActiveCfg = Release|Win32
		{ADD5DD90-B53A-43A5-99D2-E2DAF926F3EF}.Release|Win32.Build.0 = Release|Win32
		{0054B252-4619-4943-9C56-B161E70D6BAB}.Debug|Win32.ActiveCfg = Debug|Win32
		{0054B252-4619-4943-9C56-B161E70D6BAB}.Debug|Win32.Build.0 = Debug|Win32
		{0054B252-4619-4943-9C56-B161E70D6BAB}.Release|Win32.ActiveCfg = Release|Win32
		{0054B252-4619-4943-9C56-B161E70D6BAB}.Release|Win32.Build.0 = Release|Win32
		{453ED194-DE5D-4521-A62B-282B68362C20}.Debug|Win32.ActiveCfg = Debug|Win32
		{453ED194-DE5D-4521-A62B-282B68362C20}.Debug|Win32.Build.0 = Debug|Win32
		{453ED194-DE5D-4521-A62B-282B68362C20}.Release|Win32.ActiveCfg = Release|Win32
		{453ED194-DE5D-4521-A62B-282B68362C20}.Release|Win32.Build.0 = Release|Win32
		{9264B159-39BE-4C46-B0E0-837E5B8F1B2F}.Debug|Win32.ActiveCfg = Debug|Win32
		{9264B159-39BE-4C46-B0E0-837E5B8F1B2F}.Debug|Win32.Build.0 = Debug|Win32
		{9264B159-39BE-4C46-B0E0-837E5B8F1B2F}.Release|Win32.ActiveCfg = Release|Win32
		{9264B159-39BE-4C46-B0E0-837E5B8F1B2F}.Release|Win32.Build.0 = Release|Win32
		{E6763409-B73E-4867-A76D-F8A8777C62BF}.Debug|Win32.ActiveCfg = Debug|Win32
		{E6763409-B73E-4867-A76D-F8A8777C62BF}.Debug|Win32.Build.0 = Debug|Win32
		{E6763409-B73E-4867-A76D-F8A8777C62BF}.Release|Win32.ActiveCfg = Release|Win32
		{E6763409-B73E-4867-A76D-F8A8777C62BF}.Release|Win32.Build.0 = Release|Win32
		{BC6E28FD-ACA5-40FE-8D82-78CAE9FB05DE}.Debug|Win32.ActiveCfg = Debug|Win32
		{BC6E28FD-ACA5-40FE-8D82-78CAE9FB05DE}.Debug|Win32.Build.0 = Debug|Win32
		{BC6E28FD-ACA5-40FE-8D82-78CAE9FB05DE}.Release|Win32.ActiveCfg = Release|Win32
		{BC6E28FD-ACA5-40FE-8D82-78CAE9FB05DE}.Release|Win32.Build.0 = Release|Win32
	EndGlobalSection
	GlobalSection(SolutionProperties) = preSolution
		HideSolutionNode = FALSE
	EndGlobalSection
EndGlobal
